
Microsoft Visual Studio Solution File, Format Version 12.00
# Visual Studio Version 17
VisualStudioVersion = 17.14.36401.2 d17.14
MinimumVisualStudioVersion = 10.0.40219.1
Project("{FAE04EC0-301F-11D3-BF4B-00C04F79EFBC}") = "Support-Ticket-Back-end", "Support-Ticket-Back-end\Support-Ticket-Back-end.csproj", "{86F4FA8C-B59A-48DA-A26D-B03D585B408F}"
EndProject
Global
	GlobalSection(SolutionConfigurationPlatforms) = preSolution
		Debug|Any CPU = Debug|Any CPU
		Release|Any CPU = Release|Any CPU
	EndGlobalSection
	GlobalSection(ProjectConfigurationPlatforms) = postSolution
		{86F4FA8C-B59A-48DA-A26D-B03D585B408F}.Debug|Any CPU.ActiveCfg = Debug|Any CPU
		{86F4FA8C-B59A-48DA-A26D-B03D585B408F}.Debug|Any CPU.Build.0 = Debug|Any CPU
		{86F4FA8C-B59A-48DA-A26D-B03D585B408F}.Release|Any CPU.ActiveCfg = Release|Any CPU
		{86F4FA8C-B59A-48DA-A26D-B03D585B408F}.Release|Any CPU.Build.0 = Release|Any CPU
	EndGlobalSection
	GlobalSection(SolutionProperties) = preSolution
		HideSolutionNode = FALSE
	EndGlobalSection
	GlobalSection(ExtensibilityGlobals) = postSolution
		SolutionGuid = {BAA7C90F-02EE-4B2A-80C7-D6C633C50414}
	EndGlobalSection
EndGlobal
